lockfileVersion: '6.0'

settings:
  autoInstallPeers: true
  excludeLinksFromLockfile: false

dependencies:
  ci:
    specifier: ^2.3.0
    version: 2.3.0
  dotenv:
    specifier: ^16.4.5
    version: 16.4.5

packages:

  /ci@2.3.0:
    resolution: {integrity: sha512-0MGXkzJKkwV3enG7RUxjJKdiAkbaZ7visCjitfpCN2BQjv02KGRMxCHLv4RPokkjJ4xR33FLMAXweS+aQ0pFSQ==}
    hasBin: true
    dev: false

  /dotenv@16.4.5:
    resolution: {integrity: sha512-ZmdL2rui+eB2YwhsWzjInR8LldtZHGDoQ1ugH85ppHKwpUHL7j7rN0Ti9NCnGiQbhaZ11FpR+7ao1dNsmduNUg==}
    engines: {node: '>=12'}
    dev: false
